
Microsoft Visual Studio Solution File, Format Version 12.00
# Visual Studio 14
VisualStudioVersion = 14.0.25123.0
MinimumVisualStudioVersion = 10.0.40219.1
Project("{FAE04EC0-301F-11D3-BF4B-00C04F79EFBC}") = "MiniMetrics", "MiniMetrics\MiniMetrics.csproj", "{58FE4162-E9DF-4933-84F2-5ACA9D65F43B}"
EndProject
Project("{FAE04EC0-301F-11D3-BF4B-00C04F79EFBC}") = "MiniMetrics.Tests", "MiniMetrics.Tests\MiniMetrics.Tests.csproj", "{9A49F5E6-D48F-4A55-BE4A-CFCD1EA11E39}"
EndProject
Project("{2150E333-8FDC-42A3-9474-1A3956D46DE8}") = "Solution Items", "Solution Items", "{6190A4A3-C4E6-4322-AA77-5B634E2CE34E}"
	ProjectSection(SolutionItems) = preProject
		..\README.md = ..\README.md
	EndProjectSection
EndProject
Global
	GlobalSection(SolutionConfigurationPlatforms) = preSolution
		Debug|Any CPU = Debug|Any CPU
		Release|Any CPU = Release|Any CPU
	EndGlobalSection
	GlobalSection(ProjectConfigurationPlatforms) = postSolution
		{58FE4162-E9DF-4933-84F2-5ACA9D65F43B}.Debug|Any CPU.ActiveCfg = Debug|Any CPU
		{58FE4162-E9DF-4933-84F2-5ACA9D65F43B}.Debug|Any CPU.Build.0 = Debug|Any CPU
		{58FE4162-E9DF-4933-84F2-5ACA9D65F43B}.Release|Any CPU.ActiveCfg = Release|Any CPU
		{58FE4162-E9DF-4933-84F2-5ACA9D65F43B}.Release|Any CPU.Build.0 = Release|Any CPU
		{9A49F5E6-D48F-4A55-BE4A-CFCD1EA11E39}.Debug|Any CPU.ActiveCfg = Debug|Any CPU
		{9A49F5E6-D48F-4A55-BE4A-CFCD1EA11E39}.Debug|Any CPU.Build.0 = Debug|Any CPU
		{9A49F5E6-D48F-4A55-BE4A-CFCD1EA11E39}.Release|Any CPU.ActiveCfg = Release|Any CPU
		{9A49F5E6-D48F-4A55-BE4A-CFCD1EA11E39}.Release|Any CPU.Build.0 = Release|Any CPU
	EndGlobalSection
	GlobalSection(SolutionProperties) = preSolution
		HideSolutionNode = FALSE
	EndGlobalSection
EndGlobal
